
Microsoft Visual Studio Solution File, Format Version 12.00
# Visual Studio Version 16
VisualStudioVersion = 16.0.31025.194
MinimumVisualStudioVersion = 10.0.40219.1
Project("{FAE04EC0-301F-11D3-BF4B-00C04F79EFBC}") = "Dessert Menu", "Dessert Menu\Dessert Menu.csproj", "{DA85DB95-D5C3-493C-99A6-91D5346F652E}"
EndProject
Global
	GlobalSection(SolutionConfigurationPlatforms) = preSolution
		Debug|Any CPU = Debug|Any CPU
		Release|Any CPU = Release|Any CPU
	EndGlobalSection
	GlobalSection(ProjectConfigurationPlatforms) = postSolution
		{DA85DB95-D5C3-493C-99A6-91D5346F652E}.Debug|Any CPU.ActiveCfg = Debug|Any CPU
		{DA85DB95-D5C3-493C-99A6-91D5346F652E}.Debug|Any CPU.Build.0 = Debug|Any CPU
		{DA85DB95-D5C3-493C-99A6-91D5346F652E}.Release|Any CPU.ActiveCfg = Release|Any CPU
		{DA85DB95-D5C3-493C-99A6-91D5346F652E}.Release|Any CPU.Build.0 = Release|Any CPU
	EndGlobalSection
	GlobalSection(SolutionProperties) = preSolution
		HideSolutionNode = FALSE
	EndGlobalSection
	GlobalSection(ExtensibilityGlobals) = postSolution
		SolutionGuid = {9082EF1E-67DA-4E3B-8C46-B6267051481F}
	EndGlobalSection
EndGlobal
